
Microsoft Visual Studio Solution File, Format Version 12.00
# Visual Studio Version 16
VisualStudioVersion = 16.0.31702.278
MinimumVisualStudioVersion = 10.0.40219.1
Project("{9A19103F-16F7-4668-BE54-9A1E7A4F7556}") = "EstadisticaNumerica", "EstadisticaNumerica\EstadisticaNumerica.csproj", "{5A0A8394-4E7B-4B69-9846-F3DBDC11DA6D}"
EndProject
Project("{FAE04EC0-301F-11D3-BF4B-00C04F79EFBC}") = "MercadoEnvio", "D:\UTN\Tercer anio\gestionDeDatos\losTresMosqueteros\TP1C2016 K3014 LOS_3_CHIFLADOS 62\src\WindowsFormsApplication1\MercadoEnvio.csproj", "{DC2F8B5F-0A5A-49AA-A29A-D0DEB02B45E0}"
EndProject
Global
	GlobalSection(SolutionConfigurationPlatforms) = preSolution
		Debug|Any CPU = Debug|Any CPU
		Release|Any CPU = Release|Any CPU
	EndGlobalSection
	GlobalSection(ProjectConfigurationPlatforms) = postSolution
		{5A0A8394-4E7B-4B69-9846-F3DBDC11DA6D}.Debug|Any CPU.ActiveCfg = Debug|Any CPU
		{5A0A8394-4E7B-4B69-9846-F3DBDC11DA6D}.Debug|Any CPU.Build.0 = Debug|Any CPU
		{5A0A8394-4E7B-4B69-9846-F3DBDC11DA6D}.Release|Any CPU.ActiveCfg = Release|Any CPU
		{5A0A8394-4E7B-4B69-9846-F3DBDC11DA6D}.Release|Any CPU.Build.0 = Release|Any CPU
		{DC2F8B5F-0A5A-49AA-A29A-D0DEB02B45E0}.Debug|Any CPU.ActiveCfg = Debug|Any CPU
		{DC2F8B5F-0A5A-49AA-A29A-D0DEB02B45E0}.Debug|Any CPU.Build.0 = Debug|Any CPU
		{DC2F8B5F-0A5A-49AA-A29A-D0DEB02B45E0}.Release|Any CPU.ActiveCfg = Release|Any CPU
		{DC2F8B5F-0A5A-49AA-A29A-D0DEB02B45E0}.Release|Any CPU.Build.0 = Release|Any CPU
	EndGlobalSection
	GlobalSection(SolutionProperties) = preSolution
		HideSolutionNode = FALSE
	EndGlobalSection
	GlobalSection(ExtensibilityGlobals) = postSolution
		SolutionGuid = {2BD660DD-540C-4B02-A6F7-F922487EA18D}
	EndGlobalSection
EndGlobal
